
Microsoft Visual Studio Solution File, Format Version 12.00
# Visual Studio Version 17
VisualStudioVersion = 17.7.34221.43
MinimumVisualStudioVersion = 10.0.40219.1
Project("{FAE04EC0-301F-11D3-BF4B-00C04F79EFBC}") = "Homework16", "Homework16\Homework16.csproj", "{A6115D74-AAA8-4890-AB2B-0740D1FBE1BF}"
EndProject
Global
	GlobalSection(SolutionConfigurationPlatforms) = preSolution
		Debug|Any CPU = Debug|Any CPU
		Release|Any CPU = Release|Any CPU
	EndGlobalSection
	GlobalSection(ProjectConfigurationPlatforms) = postSolution
		{A6115D74-AAA8-4890-AB2B-0740D1FBE1BF}.Debug|Any CPU.ActiveCfg = Debug|Any CPU
		{A6115D74-AAA8-4890-AB2B-0740D1FBE1BF}.Debug|Any CPU.Build.0 = Debug|Any CPU
		{A6115D74-AAA8-4890-AB2B-0740D1FBE1BF}.Release|Any CPU.ActiveCfg = Release|Any CPU
		{A6115D74-AAA8-4890-AB2B-0740D1FBE1BF}.Release|Any CPU.Build.0 = Release|Any CPU
	EndGlobalSection
	GlobalSection(SolutionProperties) = preSolution
		HideSolutionNode = FALSE
	EndGlobalSection
	GlobalSection(ExtensibilityGlobals) = postSolution
		SolutionGuid = {630E26C4-1C5C-4D6D-B9E6-D436115719AE}
	EndGlobalSection
EndGlobal
